
Microsoft Visual Studio Solution File, Format Version 12.00
# Visual Studio 15
VisualStudioVersion = 15.0.26730.16
MinimumVisualStudioVersion = 10.0.40219.1
Project("{8BC9CEB8-8B4A-11D0-8D11-00A0C91BC942}") = "EasyDx", "EasyDx\EasyDx.vcxproj", "{9F913061-047E-4076-BE63-6A50043ACE82}"
EndProject
Project("{8BC9CEB8-8B4A-11D0-8D11-00A0C91BC942}") = "Primitive", "Primitive\Primitive.vcxproj", "{A2A8D9F7-FFEE-4067-8BC1-8DF43F61B694}"
EndProject
Project("{8BC9CEB8-8B4A-11D0-8D11-00A0C91BC942}") = "Minor", "Minor\Minor.vcxproj", "{A70980E9-BD67-42A6-8814-CB16D84630E6}"
EndProject
Project("{8BC9CEB8-8B4A-11D0-8D11-00A0C91BC942}") = "QuadTess", "QuadTess\QuadTess.vcxproj", "{28CF7A33-60D4-4A90-B401-341D9638BBCF}"
EndProject
Global
	GlobalSection(SolutionConfigurationPlatforms) = preSolution
		Debug|x64 = Debug|x64
		Debug|x86 = Debug|x86
		Release|x64 = Release|x64
		Release|x86 = Release|x86
	EndGlobalSection
	GlobalSection(ProjectConfigurationPlatforms) = postSolution
		{9F913061-047E-4076-BE63-6A50043ACE82}.Debug|x64.ActiveCfg = Debug|x64
		{9F913061-047E-4076-BE63-6A50043ACE82}.Debug|x64.Build.0 = Debug|x64
		{9F913061-047E-4076-BE63-6A50043ACE82}.Debug|x86.ActiveCfg = Debug|Win32
		{9F913061-047E-4076-BE63-6A50043ACE82}.Debug|x86.Build.0 = Debug|Win32
		{9F913061-047E-4076-BE63-6A50043ACE82}.Release|x64.ActiveCfg = Release|x64
		{9F913061-047E-4076-BE63-6A50043ACE82}.Release|x64.Build.0 = Release|x64
		{9F913061-047E-4076-BE63-6A50043ACE82}.Release|x86.ActiveCfg = Release|Win32
		{9F913061-047E-4076-BE63-6A50043ACE82}.Release|x86.Build.0 = Release|Win32
		{A2A8D9F7-FFEE-4067-8BC1-8DF43F61B694}.Debug|x64.ActiveCfg = Debug|x64
		{A2A8D9F7-FFEE-4067-8BC1-8DF43F61B694}.Debug|x64.Build.0 = Debug|x64
		{A2A8D9F7-FFEE-4067-8BC1-8DF43F61B694}.Debug|x86.ActiveCfg = Debug|Win32
		{A2A8D9F7-FFEE-4067-8BC1-8DF43F61B694}.Debug|x86.Build.0 = Debug|Win32
		{A2A8D9F7-FFEE-4067-8BC1-8DF43F61B694}.Release|x64.ActiveCfg = Release|x64
		{A2A8D9F7-FFEE-4067-8BC1-8DF43F61B694}.Release|x64.Build.0 = Release|x64
		{A2A8D9F7-FFEE-4067-8BC1-8DF43F61B694}.Release|x86.ActiveCfg = Release|Win32
		{A2A8D9F7-FFEE-4067-8BC1-8DF43F61B694}.Release|x86.Build.0 = Release|Win32
		{A70980E9-BD67-42A6-8814-CB16D84630E6}.Debug|x64.ActiveCfg = Debug|x64
		{A70980E9-BD67-42A6-8814-CB16D84630E6}.Debug|x64.Build.0 = Debug|x64
		{A70980E9-BD67-42A6-8814-CB16D84630E6}.Debug|x86.ActiveCfg = Debug|Win32
		{A70980E9-BD67-42A6-8814-CB16D84630E6}.Debug|x86.Build.0 = Debug|Win32
		{A70980E9-BD67-42A6-8814-CB16D84630E6}.Release|x64.ActiveCfg = Release|x64
		{A70980E9-BD67-42A6-8814-CB16D84630E6}.Release|x64.Build.0 = Release|x64
		{A70980E9-BD67-42A6-8814-CB16D84630E6}.Release|x86.ActiveCfg = Release|Win32
		{A70980E9-BD67-42A6-8814-CB16D84630E6}.Release|x86.Build.0 = Release|Win32
		{28CF7A33-60D4-4A90-B401-341D9638BBCF}.Debug|x64.ActiveCfg = Debug|x64
		{28CF7A33-60D4-4A90-B401-341D9638BBCF}.Debug|x64.Build.0 = Debug|x64
		{28CF7A33-60D4-4A90-B401-341D9638BBCF}.Debug|x86.ActiveCfg = Debug|Win32
		{28CF7A33-60D4-4A90-B401-341D9638BBCF}.Debug|x86.Build.0 = Debug|Win32
		{28CF7A33-60D4-4A90-B401-341D9638BBCF}.Release|x64.ActiveCfg = Release|x64
		{28CF7A33-60D4-4A90-B401-341D9638BBCF}.Release|x64.Build.0 = Release|x64
		{28CF7A33-60D4-4A90-B401-341D9638BBCF}.Release|x86.ActiveCfg = Release|Win32
		{28CF7A33-60D4-4A90-B401-341D9638BBCF}.Release|x86.Build.0 = Release|Win32
	EndGlobalSection
	GlobalSection(SolutionProperties) = preSolution
		HideSolutionNode = FALSE
	EndGlobalSection
	GlobalSection(ExtensibilityGlobals) = postSolution
		SolutionGuid = {F31512EE-64F2-46A8-BBFB-0791052092FA}
	EndGlobalSection
EndGlobal
